// !$*UTF8*$!
{
	archiveVersion = 1;
	classes = {
	};
	objectVersion = 77;
	objects = {

/* Begin PBXBuildFile section */
		746E17EE2DC8D2CF0000551D /* GoogleSignIn in Frameworks */ = {isa = PBXBuildFile; productRef = 746E17ED2DC8D2CF0000551D /* GoogleSignIn */; };
		746E17F12DC8D3390000551D /* FirebaseAuth in Frameworks */ = {isa = PBXBuildFile; productRef = 746E17F02DC8D3390000551D /* FirebaseAuth */; };
		746E17F32DC8D3390000551D /* FirebaseCore in Frameworks */ = {isa = PBXBuildFile; productRef = 746E17F22DC8D3390000551D /* FirebaseCore */; };
		746E17F52DC8D3390000551D /* FirebaseDatabase in Frameworks */ = {isa = PBXBuildFile; productRef = 746E17F42DC8D3390000551D /* FirebaseDatabase */; };
		746E17F72DC8D3390000551D /* FirebaseFirestore in Frameworks */ = {isa = PBXBuildFile; productRef = 746E17F62DC8D3390000551D /* FirebaseFirestore */; };
		746E17FD2DC8D9780000551D /* GoogleSignInSwift in Frameworks */ = {isa = PBXBuildFile; productRef = 746E17FC2DC8D9780000551D /* GoogleSignInSwift */; };
/* End PBXBuildFile section */

/* Begin PBXContainerItemProxy section */
		746E17982DC8D0300000551D /* PBXContainerItemProxy */ = {
			isa = PBXContainerItemProxy;
			containerPortal = 746E17822DC8D02E0000551D /* Project object */;
			proxyType = 1;
			remoteGlobalIDString = 746E17892DC8D02E0000551D;
			remoteInfo = ShopEasy;
		};
		746E17A22DC8D0300000551D /* PBXContainerItemProxy */ = {
			isa = PBXContainerItemProxy;
			containerPortal = 746E17822DC8D02E0000551D /* Project object */;
			proxyType = 1;
			remoteGlobalIDString = 746E17892DC8D02E0000551D;
			remoteInfo = ShopEasy;
		};
/* End PBXContainerItemProxy section */

/* Begin PBXFileReference section */
		746E178A2DC8D02E0000551D /* ShopEasy.app */ = {isa = PBXFileReference; explicitFileType = wrapper.application; includeInIndex = 0; path = ShopEasy.app; sourceTree = BUILT_PRODUCTS_DIR; };
		746E17972DC8D0300000551D /* ShopEasyTests.xctest */ = {isa = PBXFileReference; explicitFileType = wrapper.cfbundle; includeInIndex = 0; path = ShopEasyTests.xctest; sourceTree = BUILT_PRODUCTS_DIR; };
		746E17A12DC8D0300000551D /* ShopEasyUITests.xctest */ = {isa = PBXFileReference; explicitFileType = wrapper.cfbundle; includeInIndex = 0; path = ShopEasyUITests.xctest; sourceTree = BUILT_PRODUCTS_DIR; };
/* End PBXFileReference section */

/* Begin PBXFileSystemSynchronizedBuildFileExceptionSet section */
		746E17F92DC8D35A0000551D /* Exceptions for "ShopEasy" folder in "ShopEasy" target */ = {
			isa = PBXFileSystemSynchronizedBuildFileExceptionSet;
			membershipExceptions = (
				Info.plist,
			);
			target = 746E17892DC8D02E0000551D /* ShopEasy */;
		};
/* End PBXFileSystemSynchronizedBuildFileExceptionSet section */

/* Begin PBXFileSystemSynchronizedRootGroup section */
		746E178C2DC8D02E0000551D /* ShopEasy */ = {
			isa = PBXFileSystemSynchronizedRootGroup;
			exceptions = (
				746E17F92DC8D35A0000551D /* Exceptions for "ShopEasy" folder in "ShopEasy" target */,
			);
			path = ShopEasy;
			sourceTree = "<group>";
		};
		746E179A2DC8D0300000551D /* ShopEasyTests */ = {
			isa = PBXFileSystemSynchronizedRootGroup;
			path = ShopEasyTests;
			sourceTree = "<group>";
		};
		746E17A42DC8D0300000551D /* ShopEasyUITests */ = {
			isa = PBXFileSystemSynchronizedRootGroup;
			path = ShopEasyUITests;
			sourceTree = "<group>";
		};
/* End PBXFileSystemSynchronizedRootGroup section */

/* Begin PBXFrameworksBuildPhase section */
		746E17872DC8D02E0000551D /* Frameworks */ = {
			isa = PBXFrameworksBuildPhase;
			buildActionMask = 2147483647;
			files = (
				746E17EE2DC8D2CF0000551D /* GoogleSignIn in Frameworks */,
				746E17F32DC8D3390000551D /* FirebaseCore in Frameworks */,
				746E17F52DC8D3390000551D /* FirebaseDatabase in Frameworks */,
				746E17FD2DC8D9780000551D /* GoogleSignInSwift in Frameworks */,
				746E17F72DC8D3390000551D /* FirebaseFirestore in Frameworks */,
				746E17F12DC8D3390000551D /* FirebaseAuth in Frameworks */,
			);
			runOnlyForDeploymentPostprocessing = 0;
		};
		746E17942DC8D0300000551D /* Frameworks */ = {
			isa = PBXFrameworksBuildPhase;
			buildActionMask = 2147483647;
			files = (
			);
			runOnlyForDeploymentPostprocessing = 0;
		};
		746E179E2DC8D0300000551D /* Frameworks */ = {
			isa = PBXFrameworksBuildPhase;
			buildActionMask = 2147483647;
			files = (
			);
			runOnlyForDeploymentPostprocessing = 0;
		};
/* End PBXFrameworksBuildPhase section */

/* Begin PBXGroup section */
		746E17812DC8D02E0000551D = {
			isa = PBXGroup;
			children = (
				746E178C2DC8D02E0000551D /* ShopEasy */,
				746E179A2DC8D0300000551D /* ShopEasyTests */,
				746E17A42DC8D0300000551D /* ShopEasyUITests */,
				746E178B2DC8D02E0000551D /* Products */,
			);
			sourceTree = "<group>";
		};
		746E178B2DC8D02E0000551D /* Products */ = {
			isa = PBXGroup;
			children = (
				746E178A2DC8D02E0000551D /* ShopEasy.app */,
				746E17972DC8D0300000551D /* ShopEasyTests.xctest */,
				746E17A12DC8D0300000551D /* ShopEasyUITests.xctest */,
			);
			name = Products;
			sourceTree = "<group>";
		};
/* End PBXGroup section */

/* Begin PBXNativeTarget section */
		746E17892DC8D02E0000551D /* ShopEasy */ = {
			isa = PBXNativeTarget;
			buildConfigurationList = 746E17AB2DC8D0300000551D /* Build configuration list for PBXNativeTarget "ShopEasy" */;
			buildPhases = (
				746E17862DC8D02E0000551D /* Sources */,
				746E17872DC8D02E0000551D /* Frameworks */,
				746E17882DC8D02E0000551D /* Resources */,
			);
			buildRules = (
			);
			dependencies = (
			);
			fileSystemSynchronizedGroups = (
				746E178C2DC8D02E0000551D /* ShopEasy */,
			);
			name = ShopEasy;
			packageProductDependencies = (
				746E17ED2DC8D2CF0000551D /* GoogleSignIn */,
				746E17F02DC8D3390000551D /* FirebaseAuth */,
				746E17F22DC8D3390000551D /* FirebaseCore */,
				746E17F42DC8D3390000551D /* FirebaseDatabase */,
				746E17F62DC8D3390000551D /* FirebaseFirestore */,
				746E17FC2DC8D9780000551D /* GoogleSignInSwift */,
			);
			productName = ShopEasy;
			productReference = 746E178A2DC8D02E0000551D /* ShopEasy.app */;
			productType = "com.apple.product-type.application";
		};
		746E17962DC8D0300000551D /* ShopEasyTests */ = {
			isa = PBXNativeTarget;
			buildConfigurationList = 746E17AE2DC8D0300000551D /* Build configuration list for PBXNativeTarget "ShopEasyTests" */;
			buildPhases = (
				746E17932DC8D0300000551D /* Sources */,
				746E17942DC8D0300000551D /* Frameworks */,
				746E17952DC8D0300000551D /* Resources */,
			);
			buildRules = (
			);
			dependencies = (
				746E17992DC8D0300000551D /* PBXTargetDependency */,
			);
			fileSystemSynchronizedGroups = (
				746E179A2DC8D0300000551D /* ShopEasyTests */,
			);
			name = ShopEasyTests;
			packageProductDependencies = (
			);
			productName = ShopEasyTests;
			productReference = 746E17972DC8D0300000551D /* ShopEasyTests.xctest */;
			productType = "com.apple.product-type.bundle.unit-test";
		};
		746E17A02DC8D0300000551D /* ShopEasyUITests */ = {
			isa = PBXNativeTarget;
			buildConfigurationList = 746E17B12DC8D0300000551D /* Build configuration list for PBXNativeTarget "ShopEasyUITests" */;
			buildPhases = (
				746E179D2DC8D0300000551D /* Sources */,
				746E179E2DC8D0300000551D /* Frameworks */,
				746E179F2DC8D0300000551D /* Resources */,
			);
			buildRules = (
			);
			dependencies = (
				746E17A32DC8D0300000551D /* PBXTargetDependency */,
			);
			fileSystemSynchronizedGroups = (
				746E17A42DC8D0300000551D /* ShopEasyUITests */,
			);
			name = ShopEasyUITests;
			packageProductDependencies = (
			);
			productName = ShopEasyUITests;
			productReference = 746E17A12DC8D0300000551D /* ShopEasyUITests.xctest */;
			productType = "com.apple.product-type.bundle.ui-testing";
		};
/* End PBXNativeTarget section */

/* Begin PBXProject section */
		746E17822DC8D02E0000551D /* Project object */ = {
			isa = PBXProject;
			attributes = {
				BuildIndependentTargetsInParallel = 1;
				LastSwiftUpdateCheck = 1630;
				LastUpgradeCheck = 1630;
				TargetAttributes = {
					746E17892DC8D02E0000551D = {
						CreatedOnToolsVersion = 16.3;
					};
					746E17962DC8D0300000551D = {
						CreatedOnToolsVersion = 16.3;
						TestTargetID = 746E17892DC8D02E0000551D;
					};
					746E17A02DC8D0300000551D = {
						CreatedOnToolsVersion = 16.3;
						TestTargetID = 746E17892DC8D02E0000551D;
					};
				};
			};
			buildConfigurationList = 746E17852DC8D02E0000551D /* Build configuration list for PBXProject "ShopEasy" */;
			developmentRegion = en;
			hasScannedForEncodings = 0;
			knownRegions = (
				en,
				Base,
			);
			mainGroup = 746E17812DC8D02E0000551D;
			minimizedProjectReferenceProxies = 1;
			packageReferences = (
				746E17EC2DC8D2CF0000551D /* XCRemoteSwiftPackageReference "GoogleSignIn-iOS" */,
				746E17EF2DC8D3390000551D /* XCRemoteSwiftPackageReference "firebase-ios-sdk" */,
			);
			preferredProjectObjectVersion = 77;
			productRefGroup = 746E178B2DC8D02E0000551D /* Products */;
			projectDirPath = "";
			projectRoot = "";
			targets = (
				746E17892DC8D02E0000551D /* ShopEasy */,
				746E17962DC8D0300000551D /* ShopEasyTests */,
				746E17A02DC8D0300000551D /* ShopEasyUITests */,
			);
		};
/* End PBXProject section */

/* Begin PBXResourcesBuildPhase section */
		746E17882DC8D02E0000551D /* Resources */ = {
			isa = PBXResourcesBuildPhase;
			buildActionMask = 2147483647;
			files = (
			);
			runOnlyForDeploymentPostprocessing = 0;
		};
		746E17952DC8D0300000551D /* Resources */ = {
			isa = PBXResourcesBuildPhase;
			buildActionMask = 2147483647;
			files = (
			);
			runOnlyForDeploymentPostprocessing = 0;
		};
		746E179F2DC8D0300000551D /* Resources */ = {
			isa = PBXResourcesBuildPhase;
			buildActionMask = 2147483647;
			files = (
			);
			runOnlyForDeploymentPostprocessing = 0;
		};
/* End PBXResourcesBuildPhase section */

/* Begin PBXSourcesBuildPhase section */
		746E17862DC8D02E0000551D /* Sources */ = {
			isa = PBXSourcesBuildPhase;
			buildActionMask = 2147483647;
			files = (
			);
			runOnlyForDeploymentPostprocessing = 0;
		};
		746E17932DC8D0300000551D /* Sources */ = {
			isa = PBXSourcesBuildPhase;
			buildActionMask = 2147483647;
			files = (
			);
			runOnlyForDeploymentPostprocessing = 0;
		};
		746E179D2DC8D0300000551D /* Sources */ = {
			isa = PBXSourcesBuildPhase;
			buildActionMask = 2147483647;
			files = (
			);
			runOnlyForDeploymentPostprocessing = 0;
		};
/* End PBXSourcesBuildPhase section */

/* Begin PBXTargetDependency section */
		746E17992DC8D0300000551D /* PBXTargetDependency */ = {
			isa = PBXTargetDependency;
			target = 746E17892DC8D02E0000551D /* ShopEasy */;
			targetProxy = 746E17982DC8D0300000551D /* PBXContainerItemProxy */;
		};
		746E17A32DC8D0300000551D /* PBXTargetDependency */ = {
			isa = PBXTargetDependency;
			target = 746E17892DC8D02E0000551D /* ShopEasy */;
			targetProxy = 746E17A22DC8D0300000551D /* PBXContainerItemProxy */;
		};
/* End PBXTargetDependency section */

/* Begin XCBuildConfiguration section */
		746E17A92DC8D0300000551D /* Debug */ = {
			isa = XCBuildConfiguration;
			buildSettings = {
				ALWAYS_SEARCH_USER_PATHS = NO;
				ASSETCATALOG_COMPILER_GENERATE_SWIFT_ASSET_SYMBOL_EXTENSIONS = YES;
				CLANG_ANALYZER_NONNULL = YES;
				CLANG_ANALYZER_NUMBER_OBJECT_CONVERSION = YES_AGGRESSIVE;
				CLANG_CXX_LANGUAGE_STANDARD = "gnu++20";
				CLANG_ENABLE_MODULES = YES;
				CLANG_ENABLE_OBJC_ARC = YES;
				CLANG_ENABLE_OBJC_WEAK = YES;
				CLANG_WARN_BLOCK_CAPTURE_AUTORELEASING = YES;
				CLANG_WARN_BOOL_CONVERSION = YES;
				CLANG_WARN_COMMA = YES;
				CLANG_WARN_CONSTANT_CONVERSION = YES;
				CLANG_WARN_DEPRECATED_OBJC_IMPLEMENTATIONS = YES;
				CLANG_WARN_DIRECT_OBJC_ISA_USAGE = YES_ERROR;
				CLANG_WARN_DOCUMENTATION_COMMENTS = YES;
				CLANG_WARN_EMPTY_BODY = YES;
				CLANG_WARN_ENUM_CONVERSION = YES;
				CLANG_WARN_INFINITE_RECURSION = YES;
				CLANG_WARN_INT_CONVERSION = YES;
				CLANG_WARN_NON_LITERAL_NULL_CONVERSION = YES;
				CLANG_WARN_OBJC_IMPLICIT_RETAIN_SELF = YES;
				CLANG_WARN_OBJC_LITERAL_CONVERSION = YES;
				CLANG_WARN_OBJC_ROOT_CLASS = YES_ERROR;
				CLANG_WARN_QUOTED_INCLUDE_IN_FRAMEWORK_HEADER = YES;
				CLANG_WARN_RANGE_LOOP_ANALYSIS = YES;
				CLANG_WARN_STRICT_PROTOTYPES = YES;
				CLANG_WARN_SUSPICIOUS_MOVE = YES;
				CLANG_WARN_UNGUARDED_AVAILABILITY = YES_AGGRESSIVE;
				CLANG_WARN_UNREACHABLE_CODE = YES;
				CLANG_WARN__DUPLICATE_METHOD_MATCH = YES;
				COPY_PHASE_STRIP = NO;
				DEBUG_INFORMATION_FORMAT = dwarf;
				DEVELOPMENT_TEAM = WC366TYCG7;
				ENABLE_STRICT_OBJC_MSGSEND = YES;
				ENABLE_TESTABILITY = YES;
				ENABLE_USER_SCRIPT_SANDBOXING = YES;
				GCC_C_LANGUAGE_STANDARD = gnu17;
				GCC_DYNAMIC_NO_PIC = NO;
				GCC_NO_COMMON_BLOCKS = YES;
				GCC_OPTIMIZATION_LEVEL = 0;
				GCC_PREPROCESSOR_DEFINITIONS = (
					"DEBUG=1",
					"$(inherited)",
				);
				GCC_WARN_64_TO_32_BIT_CONVERSION = YES;
				GCC_WARN_ABOUT_RETURN_TYPE = YES_ERROR;
				GCC_WARN_UNDECLARED_SELECTOR = YES;
				GCC_WARN_UNINITIALIZED_AUTOS = YES_AGGRESSIVE;
				GCC_WARN_UNUSED_FUNCTION = YES;
				GCC_WARN_UNUSED_VARIABLE = YES;
				IPHONEOS_DEPLOYMENT_TARGET = 18.4;
				LOCALIZATION_PREFERS_STRING_CATALOGS = YES;
				MTL_ENABLE_DEBUG_INFO = INCLUDE_SOURCE;
				MTL_FAST_MATH = YES;
				ONLY_ACTIVE_ARCH = YES;
				SDKROOT = iphoneos;
				SWIFT_ACTIVE_COMPILATION_CONDITIONS = "DEBUG $(inherited)";
				SWIFT_OPTIMIZATION_LEVEL = "-Onone";
			};
			name = Debug;
		};
		746E17AA2DC8D0300000551D /* Release */ = {
			isa = XCBuildConfiguration;
			buildSettings = {
				ALWAYS_SEARCH_USER_PATHS = NO;
				ASSETCATALOG_COMPILER_GENERATE_SWIFT_ASSET_SYMBOL_EXTENSIONS = YES;
				CLANG_ANALYZER_NONNULL = YES;
				CLANG_ANALYZER_NUMBER_OBJECT_CONVERSION = YES_AGGRESSIVE;
				CLANG_CXX_LANGUAGE_STANDARD = "gnu++20";
				CLANG_ENABLE_MODULES = YES;
				CLANG_ENABLE_OBJC_ARC = YES;
				CLANG_ENABLE_OBJC_WEAK = YES;
				CLANG_WARN_BLOCK_CAPTURE_AUTORELEASING = YES;
				CLANG_WARN_BOOL_CONVERSION = YES;
				CLANG_WARN_COMMA = YES;
				CLANG_WARN_CONSTANT_CONVERSION = YES;
				CLANG_WARN_DEPRECATED_OBJC_IMPLEMENTATIONS = YES;
				CLANG_WARN_DIRECT_OBJC_ISA_USAGE = YES_ERROR;
				CLANG_WARN_DOCUMENTATION_COMMENTS = YES;
				CLANG_WARN_EMPTY_BODY = YES;
				CLANG_WARN_ENUM_CONVERSION = YES;
				CLANG_WARN_INFINITE_RECURSION = YES;
				CLANG_WARN_INT_CONVERSION = YES;
				CLANG_WARN_NON_LITERAL_NULL_CONVERSION = YES;
				CLANG_WARN_OBJC_IMPLICIT_RETAIN_SELF = YES;
				CLANG_WARN_OBJC_LITERAL_CONVERSION = YES;
				CLANG_WARN_OBJC_ROOT_CLASS = YES_ERROR;
				CLANG_WARN_QUOTED_INCLUDE_IN_FRAMEWORK_HEADER = YES;
				CLANG_WARN_RANGE_LOOP_ANALYSIS = YES;
				CLANG_WARN_STRICT_PROTOTYPES = YES;
				CLANG_WARN_SUSPICIOUS_MOVE = YES;
				CLANG_WARN_UNGUARDED_AVAILABILITY = YES_AGGRESSIVE;
				CLANG_WARN_UNREACHABLE_CODE = YES;
				CLANG_WARN__DUPLICATE_METHOD_MATCH = YES;
				COPY_PHASE_STRIP = NO;
				DEBUG_INFORMATION_FORMAT = "dwarf-with-dsym";
				DEVELOPMENT_TEAM = WC366TYCG7;
				ENABLE_NS_ASSERTIONS = NO;
				ENABLE_STRICT_OBJC_MSGSEND = YES;
				ENABLE_USER_SCRIPT_SANDBOXING = YES;
				GCC_C_LANGUAGE_STANDARD = gnu17;
				GCC_NO_COMMON_BLOCKS = YES;
				GCC_WARN_64_TO_32_BIT_CONVERSION = YES;
				GCC_WARN_ABOUT_RETURN_TYPE = YES_ERROR;
				GCC_WARN_UNDECLARED_SELECTOR = YES;
				GCC_WARN_UNINITIALIZED_AUTOS = YES_AGGRESSIVE;
				GCC_WARN_UNUSED_FUNCTION = YES;
				GCC_WARN_UNUSED_VARIABLE = YES;
				IPHONEOS_DEPLOYMENT_TARGET = 18.4;
				LOCALIZATION_PREFERS_STRING_CATALOGS = YES;
				MTL_ENABLE_DEBUG_INFO = NO;
				MTL_FAST_MATH = YES;
				SDKROOT = iphoneos;
				SWIFT_COMPILATION_MODE = wholemodule;
				VALIDATE_PRODUCT = YES;
			};
			name = Release;
		};
		746E17AC2DC8D0300000551D /* Debug */ = {
			isa = XCBuildConfiguration;
			buildSettings = {
				ASSETCATALOG_COMPILER_APPICON_NAME = AppIcon;
				ASSETCATALOG_COMPILER_GLOBAL_ACCENT_COLOR_NAME = AccentColor;
				CODE_SIGN_STYLE = Automatic;
				CURRENT_PROJECT_VERSION = 1;
				DEVELOPMENT_TEAM = WC366TYCG7;
				ENABLE_PREVIEWS = YES;
				GENERATE_INFOPLIST_FILE = YES;
				INFOPLIST_FILE = ShopEasy/Info.plist;
				INFOPLIST_KEY_UIApplicationSceneManifest_Generation = YES;
				INFOPLIST_KEY_UIApplicationSupportsIndirectInputEvents = YES;
				INFOPLIST_KEY_UILaunchScreen_Generation = YES;
				INFOPLIST_KEY_UISupportedInterfaceOrientations_iPad = "UIInterfaceOrientationPortrait UIInterfaceOrientationPortraitUpsideDown UIInterfaceOrientationLandscapeLeft UIInterfaceOrientationLandscapeRight";
				INFOPLIST_KEY_UISupportedInterfaceOrientations_iPhone = "UIInterfaceOrientationPortrait UIInterfaceOrientationLandscapeLeft UIInterfaceOrientationLandscapeRight";
				LD_RUNPATH_SEARCH_PATHS = (
					"$(inherited)",
					"@executable_path/Frameworks",
				);
				MARKETING_VERSION = 1.0;
				PRODUCT_BUNDLE_IDENTIFIER = com.aasrithreddy.ShopEasy;
				PRODUCT_NAME = "$(TARGET_NAME)";
				SWIFT_EMIT_LOC_STRINGS = YES;
				SWIFT_VERSION = 5.0;
				TARGETED_DEVICE_FAMILY = "1,2";
			};
			name = Debug;
		};
		746E17AD2DC8D0300000551D /* Release */ = {
			isa = XCBuildConfiguration;
			buildSettings = {
				ASSETCATALOG_COMPILER_APPICON_NAME = AppIcon;
				ASSETCATALOG_COMPILER_GLOBAL_ACCENT_COLOR_NAME = AccentColor;
				CODE_SIGN_STYLE = Automatic;
				CURRENT_PROJECT_VERSION = 1;
				DEVELOPMENT_TEAM = WC366TYCG7;
				ENABLE_PREVIEWS = YES;
				GENERATE_INFOPLIST_FILE = YES;
				INFOPLIST_FILE = ShopEasy/Info.plist;
				INFOPLIST_KEY_UIApplicationSceneManifest_Generation = YES;
				INFOPLIST_KEY_UIApplicationSupportsIndirectInputEvents = YES;
				INFOPLIST_KEY_UILaunchScreen_Generation = YES;
				INFOPLIST_KEY_UISupportedInterfaceOrientations_iPad = "UIInterfaceOrientationPortrait UIInterfaceOrientationPortraitUpsideDown UIInterfaceOrientationLandscapeLeft UIInterfaceOrientationLandscapeRight";
				INFOPLIST_KEY_UISupportedInterfaceOrientations_iPhone = "UIInterfaceOrientationPortrait UIInterfaceOrientationLandscapeLeft UIInterfaceOrientationLandscapeRight";
				LD_RUNPATH_SEARCH_PATHS = (
					"$(inherited)",
					"@executable_path/Frameworks",
				);
				MARKETING_VERSION = 1.0;
				PRODUCT_BUNDLE_IDENTIFIER = com.aasrithreddy.ShopEasy;
				PRODUCT_NAME = "$(TARGET_NAME)";
				SWIFT_EMIT_LOC_STRINGS = YES;
				SWIFT_VERSION = 5.0;
				TARGETED_DEVICE_FAMILY = "1,2";
			};
			name = Release;
		};
		746E17AF2DC8D0300000551D /* Debug */ = {
			isa = XCBuildConfiguration;
			buildSettings = {
				BUNDLE_LOADER = "$(TEST_HOST)";
				CODE_SIGN_STYLE = Automatic;
				CURRENT_PROJECT_VERSION = 1;
				DEVELOPMENT_TEAM = WC366TYCG7;
				GENERATE_INFOPLIST_FILE = YES;
				IPHONEOS_DEPLOYMENT_TARGET = 18.4;
				MARKETING_VERSION = 1.0;
				PRODUCT_BUNDLE_IDENTIFIER = com.aasrithreddy.ShopEasyTests;
				PRODUCT_NAME = "$(TARGET_NAME)";
				SWIFT_EMIT_LOC_STRINGS = NO;
				SWIFT_VERSION = 5.0;
				TARGETED_DEVICE_FAMILY = "1,2";
				TEST_HOST = "$(BUILT_PRODUCTS_DIR)/ShopEasy.app/$(BUNDLE_EXECUTABLE_FOLDER_PATH)/ShopEasy";
			};
			name = Debug;
		};
		746E17B02DC8D0300000551D /* Release */ = {
			isa = XCBuildConfiguration;
			buildSettings = {
				BUNDLE_LOADER = "$(TEST_HOST)";
				CODE_SIGN_STYLE = Automatic;
				CURRENT_PROJECT_VERSION = 1;
				DEVELOPMENT_TEAM = WC366TYCG7;
				GENERATE_INFOPLIST_FILE = YES;
				IPHONEOS_DEPLOYMENT_TARGET = 18.4;
				MARKETING_VERSION = 1.0;
				PRODUCT_BUNDLE_IDENTIFIER = com.aasrithreddy.ShopEasyTests;
				PRODUCT_NAME = "$(TARGET_NAME)";
				SWIFT_EMIT_LOC_STRINGS = NO;
				SWIFT_VERSION = 5.0;
				TARGETED_DEVICE_FAMILY = "1,2";
				TEST_HOST = "$(BUILT_PRODUCTS_DIR)/ShopEasy.app/$(BUNDLE_EXECUTABLE_FOLDER_PATH)/ShopEasy";
			};
			name = Release;
		};
		746E17B22DC8D0300000551D /* Debug */ = {
			isa = XCBuildConfiguration;
			buildSettings = {
				CODE_SIGN_STYLE = Automatic;
				CURRENT_PROJECT_VERSION = 1;
				DEVELOPMENT_TEAM = WC366TYCG7;
				GENERATE_INFOPLIST_FILE = YES;
				MARKETING_VERSION = 1.0;
				PRODUCT_BUNDLE_IDENTIFIER = com.aasrithreddy.ShopEasyUITests;
				PRODUCT_NAME = "$(TARGET_NAME)";
				SWIFT_EMIT_LOC_STRINGS = NO;
				SWIFT_VERSION = 5.0;
				TARGETED_DEVICE_FAMILY = "1,2";
				TEST_TARGET_NAME = ShopEasy;
			};
			name = Debug;
		};
		746E17B32DC8D0300000551D /* Release */ = {
			isa = XCBuildConfiguration;
			buildSettings = {
				CODE_SIGN_STYLE = Automatic;
				CURRENT_PROJECT_VERSION = 1;
				DEVELOPMENT_TEAM = WC366TYCG7;
				GENERATE_INFOPLIST_FILE = YES;
				MARKETING_VERSION = 1.0;
				PRODUCT_BUNDLE_IDENTIFIER = com.aasrithreddy.ShopEasyUITests;
				PRODUCT_NAME = "$(TARGET_NAME)";
				SWIFT_EMIT_LOC_STRINGS = NO;
				SWIFT_VERSION = 5.0;
				TARGETED_DEVICE_FAMILY = "1,2";
				TEST_TARGET_NAME = ShopEasy;
			};
			name = Release;
		};
/* End XCBuildConfiguration section */

/* Begin XCConfigurationList section */
		746E17852DC8D02E0000551D /* Build configuration list for PBXProject "ShopEasy" */ = {
			isa = XCConfigurationList;
			buildConfigurations = (
				746E17A92DC8D0300000551D /* Debug */,
				746E17AA2DC8D0300000551D /* Release */,
			);
			defaultConfigurationIsVisible = 0;
			defaultConfigurationName = Release;
		};
		746E17AB2DC8D0300000551D /* Build configuration list for PBXNativeTarget "ShopEasy" */ = {
			isa = XCConfigurationList;
			buildConfigurations = (
				746E17AC2DC8D0300000551D /* Debug */,
				746E17AD2DC8D0300000551D /* Release */,
			);
			defaultConfigurationIsVisible = 0;
			defaultConfigurationName = Release;
		};
		746E17AE2DC8D0300000551D /* Build configuration list for PBXNativeTarget "ShopEasyTests" */ = {
			isa = XCConfigurationList;
			buildConfigurations = (
				746E17AF2DC8D0300000551D /* Debug */,
				746E17B02DC8D0300000551D /* Release */,
			);
			defaultConfigurationIsVisible = 0;
			defaultConfigurationName = Release;
		};
		746E17B12DC8D0300000551D /* Build configuration list for PBXNativeTarget "ShopEasyUITests" */ = {
			isa = XCConfigurationList;
			buildConfigurations = (
				746E17B22DC8D0300000551D /* Debug */,
				746E17B32DC8D0300000551D /* Release */,
			);
			defaultConfigurationIsVisible = 0;
			defaultConfigurationName = Release;
		};
/* End XCConfigurationList section */

/* Begin XCRemoteSwiftPackageReference section */
		746E17EC2DC8D2CF0000551D /* XCRemoteSwiftPackageReference "GoogleSignIn-iOS" */ = {
			isa = XCRemoteSwiftPackageReference;
			repositoryURL = "https://github.com/google/GoogleSignIn-iOS";
			requirement = {
				kind = upToNextMajorVersion;
				minimumVersion = 8.0.0;
			};
		};
		746E17EF2DC8D3390000551D /* XCRemoteSwiftPackageReference "firebase-ios-sdk" */ = {
			isa = XCRemoteSwiftPackageReference;
			repositoryURL = "https://github.com/firebase/firebase-ios-sdk";
			requirement = {
				kind = upToNextMajorVersion;
				minimumVersion = 11.12.0;
			};
		};
/* End XCRemoteSwiftPackageReference section */

/* Begin XCSwiftPackageProductDependency section */
		746E17ED2DC8D2CF0000551D /* GoogleSignIn */ = {
			isa = XCSwiftPackageProductDependency;
			package = 746E17EC2DC8D2CF0000551D /* XCRemoteSwiftPackageReference "GoogleSignIn-iOS" */;
			productName = GoogleSignIn;
		};
		746E17F02DC8D3390000551D /* FirebaseAuth */ = {
			isa = XCSwiftPackageProductDependency;
			package = 746E17EF2DC8D3390000551D /* XCRemoteSwiftPackageReference "firebase-ios-sdk" */;
			productName = FirebaseAuth;
		};
		746E17F22DC8D3390000551D /* FirebaseCore */ = {
			isa = XCSwiftPackageProductDependency;
			package = 746E17EF2DC8D3390000551D /* XCRemoteSwiftPackageReference "firebase-ios-sdk" */;
			productName = FirebaseCore;
		};
		746E17F42DC8D3390000551D /* FirebaseDatabase */ = {
			isa = XCSwiftPackageProductDependency;
			package = 746E17EF2DC8D3390000551D /* XCRemoteSwiftPackageReference "firebase-ios-sdk" */;
			productName = FirebaseDatabase;
		};
		746E17F62DC8D3390000551D /* FirebaseFirestore */ = {
			isa = XCSwiftPackageProductDependency;
			package = 746E17EF2DC8D3390000551D /* XCRemoteSwiftPackageReference "firebase-ios-sdk" */;
			productName = FirebaseFirestore;
		};
		746E17FC2DC8D9780000551D /* GoogleSignInSwift */ = {
			isa = XCSwiftPackageProductDependency;
			package = 746E17EC2DC8D2CF0000551D /* XCRemoteSwiftPackageReference "GoogleSignIn-iOS" */;
			productName = GoogleSignInSwift;
		};
/* End XCSwiftPackageProductDependency section */
	};
	rootObject = 746E17822DC8D02E0000551D /* Project object */;
}
